
Microsoft Visual Studio Solution File, Format Version 12.00
# Visual Studio Version 16
VisualStudioVersion = 16.0.32802.440
MinimumVisualStudioVersion = 10.0.40219.1
Project("{9A19103F-16F7-4668-BE54-9A1E7A4F7556}") = "ExcelUpload", "ExcelToDatabase\ExcelUpload.csproj", "{86D8E616-EC8F-4E1D-9A9F-BE4827362D3F}"
EndProject
Global
	GlobalSection(SolutionConfigurationPlatforms) = preSolution
		Debug|Any CPU = Debug|Any CPU
		Release|Any CPU = Release|Any CPU
	EndGlobalSection
	GlobalSection(ProjectConfigurationPlatforms) = postSolution
		{86D8E616-EC8F-4E1D-9A9F-BE4827362D3F}.Debug|Any CPU.ActiveCfg = Debug|Any CPU
		{86D8E616-EC8F-4E1D-9A9F-BE4827362D3F}.Debug|Any CPU.Build.0 = Debug|Any CPU
		{86D8E616-EC8F-4E1D-9A9F-BE4827362D3F}.Release|Any CPU.ActiveCfg = Release|Any CPU
		{86D8E616-EC8F-4E1D-9A9F-BE4827362D3F}.Release|Any CPU.Build.0 = Release|Any CPU
	EndGlobalSection
	GlobalSection(SolutionProperties) = preSolution
		HideSolutionNode = FALSE
	EndGlobalSection
	GlobalSection(ExtensibilityGlobals) = postSolution
		SolutionGuid = {DB2112AD-50D6-404C-A8A3-6B7467B6726A}
	EndGlobalSection
EndGlobal
